
Microsoft Visual Studio Solution File, Format Version 12.00
# Visual Studio Version 17
VisualStudioVersion = 17.1.32328.378
MinimumVisualStudioVersion = 10.0.40219.1
Project("{9A19103F-16F7-4668-BE54-9A1E7A4F7556}") = "Project0.Test", "Project0.Test\Project0.Test.csproj", "{270759DA-29B1-4B47-B2EC-D67853900C9C}"
EndProject
Project("{9A19103F-16F7-4668-BE54-9A1E7A4F7556}") = "Project0", "Project0\Project0.csproj", "{4BF9E10B-72FF-452F-B022-2546DD19ED4D}"
EndProject
Project("{9A19103F-16F7-4668-BE54-9A1E7A4F7556}") = "Project0.Logic", "Project0.Logic\Project0.Logic.csproj", "{D165D6D1-5B7E-4B1F-BC54-2EC1EE8AE845}"
EndProject
Project("{FAE04EC0-301F-11D3-BF4B-00C04F79EFBC}") = "Project0.DataInfrastructure", "Project0.DataInfrastructure\Project0.DataInfrastructure.csproj", "{46FD6BB8-7C7F-44CF-8B38-EEC89D81B358}"
EndProject
Global
	GlobalSection(SolutionConfigurationPlatforms) = preSolution
		Debug|Any CPU = Debug|Any CPU
		Release|Any CPU = Release|Any CPU
	EndGlobalSection
	GlobalSection(ProjectConfigurationPlatforms) = postSolution
		{270759DA-29B1-4B47-B2EC-D67853900C9C}.Debug|Any CPU.ActiveCfg = Debug|Any CPU
		{270759DA-29B1-4B47-B2EC-D67853900C9C}.Debug|Any CPU.Build.0 = Debug|Any CPU
		{270759DA-29B1-4B47-B2EC-D67853900C9C}.Release|Any CPU.ActiveCfg = Release|Any CPU
		{270759DA-29B1-4B47-B2EC-D67853900C9C}.Release|Any CPU.Build.0 = Release|Any CPU
		{4BF9E10B-72FF-452F-B022-2546DD19ED4D}.Debug|Any CPU.ActiveCfg = Debug|Any CPU
		{4BF9E10B-72FF-452F-B022-2546DD19ED4D}.Debug|Any CPU.Build.0 = Debug|Any CPU
		{4BF9E10B-72FF-452F-B022-2546DD19ED4D}.Release|Any CPU.ActiveCfg = Release|Any CPU
		{4BF9E10B-72FF-452F-B022-2546DD19ED4D}.Release|Any CPU.Build.0 = Release|Any CPU
		{D165D6D1-5B7E-4B1F-BC54-2EC1EE8AE845}.Debug|Any CPU.ActiveCfg = Debug|Any CPU
		{D165D6D1-5B7E-4B1F-BC54-2EC1EE8AE845}.Debug|Any CPU.Build.0 = Debug|Any CPU
		{D165D6D1-5B7E-4B1F-BC54-2EC1EE8AE845}.Release|Any CPU.ActiveCfg = Release|Any CPU
		{D165D6D1-5B7E-4B1F-BC54-2EC1EE8AE845}.Release|Any CPU.Build.0 = Release|Any CPU
		{46FD6BB8-7C7F-44CF-8B38-EEC89D81B358}.Debug|Any CPU.ActiveCfg = Debug|Any CPU
		{46FD6BB8-7C7F-44CF-8B38-EEC89D81B358}.Debug|Any CPU.Build.0 = Debug|Any CPU
		{46FD6BB8-7C7F-44CF-8B38-EEC89D81B358}.Release|Any CPU.ActiveCfg = Release|Any CPU
		{46FD6BB8-7C7F-44CF-8B38-EEC89D81B358}.Release|Any CPU.Build.0 = Release|Any CPU
	EndGlobalSection
	GlobalSection(SolutionProperties) = preSolution
		HideSolutionNode = FALSE
	EndGlobalSection
	GlobalSection(ExtensibilityGlobals) = postSolution
		SolutionGuid = {6436687B-248C-4175-B90F-6D586E082219}
	EndGlobalSection
EndGlobal
